// !$*UTF8*$!
{
	archiveVersion = 1;
	classes = {
	};
	objectVersion = 56;
	objects = {

/* Begin PBXBuildFile section */
		0679E59F2A78BF60006286EC /* AppDelegate.swift in Sources */ = {isa = PBXBuildFile; fileRef = 0679E59E2A78BF60006286EC /* AppDelegate.swift */; };
		0679E5A12A78BF60006286EC /* SceneDelegate.swift in Sources */ = {isa = PBXBuildFile; fileRef = 0679E5A02A78BF60006286EC /* SceneDelegate.swift */; };
		0679E5A62A78BF60006286EC /* Main.storyboard in Resources */ = {isa = PBXBuildFile; fileRef = 0679E5A42A78BF60006286EC /* Main.storyboard */; };
		0679E5A82A78BF61006286EC /* Assets.xcassets in Resources */ = {isa = PBXBuildFile; fileRef = 0679E5A72A78BF61006286EC /* Assets.xcassets */; };
		0679E5AB2A78BF61006286EC /* LaunchScreen.storyboard in Resources */ = {isa = PBXBuildFile; fileRef = 0679E5A92A78BF61006286EC /* LaunchScreen.storyboard */; };
		0679E5B62A78BF61006286EC /* controlactionTests.swift in Sources */ = {isa = PBXBuildFile; fileRef = 0679E5B52A78BF61006286EC /* controlactionTests.swift */; };
		0679E5C02A78BF61006286EC /* controlactionUITests.swift in Sources */ = {isa = PBXBuildFile; fileRef = 0679E5BF2A78BF61006286EC /* controlactionUITests.swift */; };
		0679E5C22A78BF61006286EC /* controlactionUITestsLaunchTests.swift in Sources */ = {isa = PBXBuildFile; fileRef = 0679E5C12A78BF61006286EC /* controlactionUITestsLaunchTests.swift */; };
		06880F812A7A1FA800E7966A /* ViewController.swift in Sources */ = {isa = PBXBuildFile; fileRef = 0679E5A22A78BF60006286EC /* ViewController.swift */; };
/* End PBXBuildFile section */

/* Begin PBXContainerItemProxy section */
		0679E5B22A78BF61006286EC /* PBXContainerItemProxy */ = {
			isa = PBXContainerItemProxy;
			containerPortal = 0679E5932A78BF60006286EC /* Project object */;
			proxyType = 1;
			remoteGlobalIDString = 0679E59A2A78BF60006286EC;
			remoteInfo = controlaction;
		};
		0679E5BC2A78BF61006286EC /* PBXContainerItemProxy */ = {
			isa = PBXContainerItemProxy;
			containerPortal = 0679E5932A78BF60006286EC /* Project object */;
			proxyType = 1;
			remoteGlobalIDString = 0679E59A2A78BF60006286EC;
			remoteInfo = controlaction;
		};
/* End PBXContainerItemProxy section */

/* Begin PBXFileReference section */
		0679E59B2A78BF60006286EC /* controlaction.app */ = {isa = PBXFileReference; explicitFileType = wrapper.application; includeInIndex = 0; path = controlaction.app; sourceTree = BUILT_PRODUCTS_DIR; };
		0679E59E2A78BF60006286EC /* AppDelegate.swift */ = {isa = PBXFileReference; lastKnownFileType = sourcecode.swift; path = AppDelegate.swift; sourceTree = "<group>"; };
		0679E5A02A78BF60006286EC /* SceneDelegate.swift */ = {isa = PBXFileReference; lastKnownFileType = sourcecode.swift; path = SceneDelegate.swift; sourceTree = "<group>"; };
		0679E5A22A78BF60006286EC /* ViewController.swift */ = {isa = PBXFileReference; lastKnownFileType = sourcecode.swift; path = ViewController.swift; sourceTree = "<group>"; };
		0679E5A52A78BF60006286EC /* Base */ = {isa = PBXFileReference; lastKnownFileType = file.storyboard; name = Base; path = Base.lproj/Main.storyboard; sourceTree = "<group>"; };
		0679E5A72A78BF61006286EC /* Assets.xcassets */ = {isa = PBXFileReference; lastKnownFileType = folder.assetcatalog; path = Assets.xcassets; sourceTree = "<group>"; };
		0679E5AA2A78BF61006286EC /* Base */ = {isa = PBXFileReference; lastKnownFileType = file.storyboard; name = Base; path = Base.lproj/LaunchScreen.storyboard; sourceTree = "<group>"; };
		0679E5AC2A78BF61006286EC /* Info.plist */ = {isa = PBXFileReference; lastKnownFileType = text.plist.xml; path = Info.plist; sourceTree = "<group>"; };
		0679E5B12A78BF61006286EC /* controlactionTests.xctest */ = {isa = PBXFileReference; explicitFileType = wrapper.cfbundle; includeInIndex = 0; path = controlactionTests.xctest; sourceTree = BUILT_PRODUCTS_DIR; };
		0679E5B52A78BF61006286EC /* controlactionTests.swift */ = {isa = PBXFileReference; lastKnownFileType = sourcecode.swift; path = controlactionTests.swift; sourceTree = "<group>"; };
		0679E5BB2A78BF61006286EC /* controlactionUITests.xctest */ = {isa = PBXFileReference; explicitFileType = wrapper.cfbundle; includeInIndex = 0; path = controlactionUITests.xctest; sourceTree = BUILT_PRODUCTS_DIR; };
		0679E5BF2A78BF61006286EC /* controlactionUITests.swift */ = {isa = PBXFileReference; lastKnownFileType = sourcecode.swift; path = controlactionUITests.swift; sourceTree = "<group>"; };
		0679E5C12A78BF61006286EC /* controlactionUITestsLaunchTests.swift */ = {isa = PBXFileReference; lastKnownFileType = sourcecode.swift; path = controlactionUITestsLaunchTests.swift; sourceTree = "<group>"; };
/* End PBXFileReference section */

/* Begin PBXFrameworksBuildPhase section */
		0679E5982A78BF60006286EC /* Frameworks */ = {
			isa = PBXFrameworksBuildPhase;
			buildActionMask = 2147483647;
			files = (
			);
			runOnlyForDeploymentPostprocessing = 0;
		};
		0679E5AE2A78BF61006286EC /* Frameworks */ = {
			isa = PBXFrameworksBuildPhase;
			buildActionMask = 2147483647;
			files = (
			);
			runOnlyForDeploymentPostprocessing = 0;
		};
		0679E5B82A78BF61006286EC /* Frameworks */ = {
			isa = PBXFrameworksBuildPhase;
			buildActionMask = 2147483647;
			files = (
			);
			runOnlyForDeploymentPostprocessing = 0;
		};
/* End PBXFrameworksBuildPhase section */

/* Begin PBXGroup section */
		0679E5922A78BF60006286EC = {
			isa = PBXGroup;
			children = (
				0679E59D2A78BF60006286EC /* controlaction */,
				0679E5B42A78BF61006286EC /* controlactionTests */,
				0679E5BE2A78BF61006286EC /* controlactionUITests */,
				0679E59C2A78BF60006286EC /* Products */,
			);
			sourceTree = "<group>";
		};
		0679E59C2A78BF60006286EC /* Products */ = {
			isa = PBXGroup;
			children = (
				0679E59B2A78BF60006286EC /* controlaction.app */,
				0679E5B12A78BF61006286EC /* controlactionTests.xctest */,
				0679E5BB2A78BF61006286EC /* controlactionUITests.xctest */,
			);
			name = Products;
			sourceTree = "<group>";
		};
		0679E59D2A78BF60006286EC /* controlaction */ = {
			isa = PBXGroup;
			children = (
				0679E59E2A78BF60006286EC /* AppDelegate.swift */,
				0679E5A02A78BF60006286EC /* SceneDelegate.swift */,
				0679E5A22A78BF60006286EC /* ViewController.swift */,
				0679E5A42A78BF60006286EC /* Main.storyboard */,
				0679E5A72A78BF61006286EC /* Assets.xcassets */,
				0679E5A92A78BF61006286EC /* LaunchScreen.storyboard */,
				0679E5AC2A78BF61006286EC /* Info.plist */,
			);
			path = controlaction;
			sourceTree = "<group>";
		};
		0679E5B42A78BF61006286EC /* controlactionTests */ = {
			isa = PBXGroup;
			children = (
				0679E5B52A78BF61006286EC /* controlactionTests.swift */,
			);
			path = controlactionTests;
			sourceTree = "<group>";
		};
		0679E5BE2A78BF61006286EC /* controlactionUITests */ = {
			isa = PBXGroup;
			children = (
				0679E5BF2A78BF61006286EC /* controlactionUITests.swift */,
				0679E5C12A78BF61006286EC /* controlactionUITestsLaunchTests.swift */,
			);
			path = controlactionUITests;
			sourceTree = "<group>";
		};
/* End PBXGroup section */

/* Begin PBXNativeTarget section */
		0679E59A2A78BF60006286EC /* controlaction */ = {
			isa = PBXNativeTarget;
			buildConfigurationList = 0679E5C52A78BF61006286EC /* Build configuration list for PBXNativeTarget "controlaction" */;
			buildPhases = (
				0679E5972A78BF60006286EC /* Sources */,
				0679E5982A78BF60006286EC /* Frameworks */,
				0679E5992A78BF60006286EC /* Resources */,
			);
			buildRules = (
			);
			dependencies = (
			);
			name = controlaction;
			productName = controlaction;
			productReference = 0679E59B2A78BF60006286EC /* controlaction.app */;
			productType = "com.apple.product-type.application";
		};
		0679E5B02A78BF61006286EC /* controlactionTests */ = {
			isa = PBXNativeTarget;
			buildConfigurationList = 0679E5C82A78BF61006286EC /* Build configuration list for PBXNativeTarget "controlactionTests" */;
			buildPhases = (
				0679E5AD2A78BF61006286EC /* Sources */,
				0679E5AE2A78BF61006286EC /* Frameworks */,
				0679E5AF2A78BF61006286EC /* Resources */,
			);
			buildRules = (
			);
			dependencies = (
				0679E5B32A78BF61006286EC /* PBXTargetDependency */,
			);
			name = controlactionTests;
			productName = controlactionTests;
			productReference = 0679E5B12A78BF61006286EC /* controlactionTests.xctest */;
			productType = "com.apple.product-type.bundle.unit-test";
		};
		0679E5BA2A78BF61006286EC /* controlactionUITests */ = {
			isa = PBXNativeTarget;
			buildConfigurationList = 0679E5CB2A78BF61006286EC /* Build configuration list for PBXNativeTarget "controlactionUITests" */;
			buildPhases = (
				0679E5B72A78BF61006286EC /* Sources */,
				0679E5B82A78BF61006286EC /* Frameworks */,
				0679E5B92A78BF61006286EC /* Resources */,
			);
			buildRules = (
			);
			dependencies = (
				0679E5BD2A78BF61006286EC /* PBXTargetDependency */,
			);
			name = controlactionUITests;
			productName = controlactionUITests;
			productReference = 0679E5BB2A78BF61006286EC /* controlactionUITests.xctest */;
			productType = "com.apple.product-type.bundle.ui-testing";
		};
/* End PBXNativeTarget section */

/* Begin PBXProject section */
		0679E5932A78BF60006286EC /* Project object */ = {
			isa = PBXProject;
			attributes = {
				BuildIndependentTargetsInParallel = 1;
				LastSwiftUpdateCheck = 1410;
				LastUpgradeCheck = 1410;
				TargetAttributes = {
					0679E59A2A78BF60006286EC = {
						CreatedOnToolsVersion = 14.1;
					};
					0679E5B02A78BF61006286EC = {
						CreatedOnToolsVersion = 14.1;
						TestTargetID = 0679E59A2A78BF60006286EC;
					};
					0679E5BA2A78BF61006286EC = {
						CreatedOnToolsVersion = 14.1;
						TestTargetID = 0679E59A2A78BF60006286EC;
					};
				};
			};
			buildConfigurationList = 0679E5962A78BF60006286EC /* Build configuration list for PBXProject "controlaction" */;
			compatibilityVersion = "Xcode 14.0";
			developmentRegion = en;
			hasScannedForEncodings = 0;
			knownRegions = (
				en,
				Base,
			);
			mainGroup = 0679E5922A78BF60006286EC;
			productRefGroup = 0679E59C2A78BF60006286EC /* Products */;
			projectDirPath = "";
			projectRoot = "";
			targets = (
				0679E59A2A78BF60006286EC /* controlaction */,
				0679E5B02A78BF61006286EC /* controlactionTests */,
				0679E5BA2A78BF61006286EC /* controlactionUITests */,
			);
		};
/* End PBXProject section */

/* Begin PBXResourcesBuildPhase section */
		0679E5992A78BF60006286EC /* Resources */ = {
			isa = PBXResourcesBuildPhase;
			buildActionMask = 2147483647;
			files = (
				0679E5AB2A78BF61006286EC /* LaunchScreen.storyboard in Resources */,
				0679E5A82A78BF61006286EC /* Assets.xcassets in Resources */,
				0679E5A62A78BF60006286EC /* Main.storyboard in Resources */,
			);
			runOnlyForDeploymentPostprocessing = 0;
		};
		0679E5AF2A78BF61006286EC /* Resources */ = {
			isa = PBXResourcesBuildPhase;
			buildActionMask = 2147483647;
			files = (
			);
			runOnlyForDeploymentPostprocessing = 0;
		};
		0679E5B92A78BF61006286EC /* Resources */ = {
			isa = PBXResourcesBuildPhase;
			buildActionMask = 2147483647;
			files = (
			);
			runOnlyForDeploymentPostprocessing = 0;
		};
/* End PBXResourcesBuildPhase section */

/* Begin PBXSourcesBuildPhase section */
		0679E5972A78BF60006286EC /* Sources */ = {
			isa = PBXSourcesBuildPhase;
			buildActionMask = 2147483647;
			files = (
				06880F812A7A1FA800E7966A /* ViewController.swift in Sources */,
				0679E59F2A78BF60006286EC /* AppDelegate.swift in Sources */,
				0679E5A12A78BF60006286EC /* SceneDelegate.swift in Sources */,
			);
			runOnlyForDeploymentPostprocessing = 0;
		};
		0679E5AD2A78BF61006286EC /* Sources */ = {
			isa = PBXSourcesBuildPhase;
			buildActionMask = 2147483647;
			files = (
				0679E5B62A78BF61006286EC /* controlactionTests.swift in Sources */,
			);
			runOnlyForDeploymentPostprocessing = 0;
		};
		0679E5B72A78BF61006286EC /* Sources */ = {
			isa = PBXSourcesBuildPhase;
			buildActionMask = 2147483647;
			files = (
				0679E5C22A78BF61006286EC /* controlactionUITestsLaunchTests.swift in Sources */,
				0679E5C02A78BF61006286EC /* controlactionUITests.swift in Sources */,
			);
			runOnlyForDeploymentPostprocessing = 0;
		};
/* End PBXSourcesBuildPhase section */

/* Begin PBXTargetDependency section */
		0679E5B32A78BF61006286EC /* PBXTargetDependency */ = {
			isa = PBXTargetDependency;
			target = 0679E59A2A78BF60006286EC /* controlaction */;
			targetProxy = 0679E5B22A78BF61006286EC /* PBXContainerItemProxy */;
		};
		0679E5BD2A78BF61006286EC /* PBXTargetDependency */ = {
			isa = PBXTargetDependency;
			target = 0679E59A2A78BF60006286EC /* controlaction */;
			targetProxy = 0679E5BC2A78BF61006286EC /* PBXContainerItemProxy */;
		};
/* End PBXTargetDependency section */

/* Begin PBXVariantGroup section */
		0679E5A42A78BF60006286EC /* Main.storyboard */ = {
			isa = PBXVariantGroup;
			children = (
				0679E5A52A78BF60006286EC /* Base */,
			);
			name = Main.storyboard;
			sourceTree = "<group>";
		};
		0679E5A92A78BF61006286EC /* LaunchScreen.storyboard */ = {
			isa = PBXVariantGroup;
			children = (
				0679E5AA2A78BF61006286EC /* Base */,
			);
			name = LaunchScreen.storyboard;
			sourceTree = "<group>";
		};
/* End PBXVariantGroup section */

/* Begin XCBuildConfiguration section */
		0679E5C32A78BF61006286EC /* Debug */ = {
			isa = XCBuildConfiguration;
			buildSettings = {
				ALWAYS_SEARCH_USER_PATHS = NO;
				CLANG_ANALYZER_NONNULL = YES;
				CLANG_ANALYZER_NUMBER_OBJECT_CONVERSION = YES_AGGRESSIVE;
				CLANG_CXX_LANGUAGE_STANDARD = "gnu++20";
				CLANG_ENABLE_MODULES = YES;
				CLANG_ENABLE_OBJC_ARC = YES;
				CLANG_ENABLE_OBJC_WEAK = YES;
				CLANG_WARN_BLOCK_CAPTURE_AUTORELEASING = YES;
				CLANG_WARN_BOOL_CONVERSION = YES;
				CLANG_WARN_COMMA = YES;
				CLANG_WARN_CONSTANT_CONVERSION = YES;
				CLANG_WARN_DEPRECATED_OBJC_IMPLEMENTATIONS = YES;
				CLANG_WARN_DIRECT_OBJC_ISA_USAGE = YES_ERROR;
				CLANG_WARN_DOCUMENTATION_COMMENTS = YES;
				CLANG_WARN_EMPTY_BODY = YES;
				CLANG_WARN_ENUM_CONVERSION = YES;
				CLANG_WARN_INFINITE_RECURSION = YES;
				CLANG_WARN_INT_CONVERSION = YES;
				CLANG_WARN_NON_LITERAL_NULL_CONVERSION = YES;
				CLANG_WARN_OBJC_IMPLICIT_RETAIN_SELF = YES;
				CLANG_WARN_OBJC_LITERAL_CONVERSION = YES;
				CLANG_WARN_OBJC_ROOT_CLASS = YES_ERROR;
				CLANG_WARN_QUOTED_INCLUDE_IN_FRAMEWORK_HEADER = YES;
				CLANG_WARN_RANGE_LOOP_ANALYSIS = YES;
				CLANG_WARN_STRICT_PROTOTYPES = YES;
				CLANG_WARN_SUSPICIOUS_MOVE = YES;
				CLANG_WARN_UNGUARDED_AVAILABILITY = YES_AGGRESSIVE;
				CLANG_WARN_UNREACHABLE_CODE = YES;
				CLANG_WARN__DUPLICATE_METHOD_MATCH = YES;
				COPY_PHASE_STRIP = NO;
				DEBUG_INFORMATION_FORMAT = dwarf;
				ENABLE_STRICT_OBJC_MSGSEND = YES;
				ENABLE_TESTABILITY = YES;
				GCC_C_LANGUAGE_STANDARD = gnu11;
				GCC_DYNAMIC_NO_PIC = NO;
				GCC_NO_COMMON_BLOCKS = YES;
				GCC_OPTIMIZATION_LEVEL = 0;
				GCC_PREPROCESSOR_DEFINITIONS = (
					"DEBUG=1",
					"$(inherited)",
				);
				GCC_WARN_64_TO_32_BIT_CONVERSION = YES;
				GCC_WARN_ABOUT_RETURN_TYPE = YES_ERROR;
				GCC_WARN_UNDECLARED_SELECTOR = YES;
				GCC_WARN_UNINITIALIZED_AUTOS = YES_AGGRESSIVE;
				GCC_WARN_UNUSED_FUNCTION = YES;
				GCC_WARN_UNUSED_VARIABLE = YES;
				IPHONEOS_DEPLOYMENT_TARGET = 16.1;
				MTL_ENABLE_DEBUG_INFO = INCLUDE_SOURCE;
				MTL_FAST_MATH = YES;
				ONLY_ACTIVE_ARCH = YES;
				SDKROOT = iphoneos;
				SWIFT_ACTIVE_COMPILATION_CONDITIONS = DEBUG;
				SWIFT_OPTIMIZATION_LEVEL = "-Onone";
			};
			name = Debug;
		};
		0679E5C42A78BF61006286EC /* Release */ = {
			isa = XCBuildConfiguration;
			buildSettings = {
				ALWAYS_SEARCH_USER_PATHS = NO;
				CLANG_ANALYZER_NONNULL = YES;
				CLANG_ANALYZER_NUMBER_OBJECT_CONVERSION = YES_AGGRESSIVE;
				CLANG_CXX_LANGUAGE_STANDARD = "gnu++20";
				CLANG_ENABLE_MODULES = YES;
				CLANG_ENABLE_OBJC_ARC = YES;
				CLANG_ENABLE_OBJC_WEAK = YES;
				CLANG_WARN_BLOCK_CAPTURE_AUTORELEASING = YES;
				CLANG_WARN_BOOL_CONVERSION = YES;
				CLANG_WARN_COMMA = YES;
				CLANG_WARN_CONSTANT_CONVERSION = YES;
				CLANG_WARN_DEPRECATED_OBJC_IMPLEMENTATIONS = YES;
				CLANG_WARN_DIRECT_OBJC_ISA_USAGE = YES_ERROR;
				CLANG_WARN_DOCUMENTATION_COMMENTS = YES;
				CLANG_WARN_EMPTY_BODY = YES;
				CLANG_WARN_ENUM_CONVERSION = YES;
				CLANG_WARN_INFINITE_RECURSION = YES;
				CLANG_WARN_INT_CONVERSION = YES;
				CLANG_WARN_NON_LITERAL_NULL_CONVERSION = YES;
				CLANG_WARN_OBJC_IMPLICIT_RETAIN_SELF = YES;
				CLANG_WARN_OBJC_LITERAL_CONVERSION = YES;
				CLANG_WARN_OBJC_ROOT_CLASS = YES_ERROR;
				CLANG_WARN_QUOTED_INCLUDE_IN_FRAMEWORK_HEADER = YES;
				CLANG_WARN_RANGE_LOOP_ANALYSIS = YES;
				CLANG_WARN_STRICT_PROTOTYPES = YES;
				CLANG_WARN_SUSPICIOUS_MOVE = YES;
				CLANG_WARN_UNGUARDED_AVAILABILITY = YES_AGGRESSIVE;
				CLANG_WARN_UNREACHABLE_CODE = YES;
				CLANG_WARN__DUPLICATE_METHOD_MATCH = YES;
				COPY_PHASE_STRIP = NO;
				DEBUG_INFORMATION_FORMAT = "dwarf-with-dsym";
				ENABLE_NS_ASSERTIONS = NO;
				ENABLE_STRICT_OBJC_MSGSEND = YES;
				GCC_C_LANGUAGE_STANDARD = gnu11;
				GCC_NO_COMMON_BLOCKS = YES;
				GCC_WARN_64_TO_32_BIT_CONVERSION = YES;
				GCC_WARN_ABOUT_RETURN_TYPE = YES_ERROR;
				GCC_WARN_UNDECLARED_SELECTOR = YES;
				GCC_WARN_UNINITIALIZED_AUTOS = YES_AGGRESSIVE;
				GCC_WARN_UNUSED_FUNCTION = YES;
				GCC_WARN_UNUSED_VARIABLE = YES;
				IPHONEOS_DEPLOYMENT_TARGET = 16.1;
				MTL_ENABLE_DEBUG_INFO = NO;
				MTL_FAST_MATH = YES;
				SDKROOT = iphoneos;
				SWIFT_COMPILATION_MODE = wholemodule;
				SWIFT_OPTIMIZATION_LEVEL = "-O";
				VALIDATE_PRODUCT = YES;
			};
			name = Release;
		};
		0679E5C62A78BF61006286EC /* Debug */ = {
			isa = XCBuildConfiguration;
			buildSettings = {
				ASSETCATALOG_COMPILER_APPICON_NAME = AppIcon;
				ASSETCATALOG_COMPILER_GLOBAL_ACCENT_COLOR_NAME = AccentColor;
				CODE_SIGN_STYLE = Automatic;
				CURRENT_PROJECT_VERSION = 1;
				GENERATE_INFOPLIST_FILE = YES;
				INFOPLIST_FILE = controlaction/Info.plist;
				INFOPLIST_KEY_UIApplicationSupportsIndirectInputEvents = YES;
				INFOPLIST_KEY_UILaunchStoryboardName = LaunchScreen;
				INFOPLIST_KEY_UIMainStoryboardFile = Main;
				INFOPLIST_KEY_UISupportedInterfaceOrientations_iPad = "UIInterfaceOrientationPortrait UIInterfaceOrientationPortraitUpsideDown UIInterfaceOrientationLandscapeLeft UIInterfaceOrientationLandscapeRight";
				INFOPLIST_KEY_UISupportedInterfaceOrientations_iPhone = "UIInterfaceOrientationPortrait UIInterfaceOrientationLandscapeLeft UIInterfaceOrientationLandscapeRight";
				LD_RUNPATH_SEARCH_PATHS = (
					"$(inherited)",
					"@executable_path/Frameworks",
				);
				MARKETING_VERSION = 1.0;
				PRODUCT_BUNDLE_IDENTIFIER = DGI.controlaction;
				PRODUCT_NAME = "$(TARGET_NAME)";
				SWIFT_EMIT_LOC_STRINGS = YES;
				SWIFT_VERSION = 5.0;
				TARGETED_DEVICE_FAMILY = "1,2";
			};
			name = Debug;
		};
		0679E5C72A78BF61006286EC /* Release */ = {
			isa = XCBuildConfiguration;
			buildSettings = {
				ASSETCATALOG_COMPILER_APPICON_NAME = AppIcon;
				ASSETCATALOG_COMPILER_GLOBAL_ACCENT_COLOR_NAME = AccentColor;
				CODE_SIGN_STYLE = Automatic;
				CURRENT_PROJECT_VERSION = 1;
				GENERATE_INFOPLIST_FILE = YES;
				INFOPLIST_FILE = controlaction/Info.plist;
				INFOPLIST_KEY_UIApplicationSupportsIndirectInputEvents = YES;
				INFOPLIST_KEY_UILaunchStoryboardName = LaunchScreen;
				INFOPLIST_KEY_UIMainStoryboardFile = Main;
				INFOPLIST_KEY_UISupportedInterfaceOrientations_iPad = "UIInterfaceOrientationPortrait UIInterfaceOrientationPortraitUpsideDown UIInterfaceOrientationLandscapeLeft UIInterfaceOrientationLandscapeRight";
				INFOPLIST_KEY_UISupportedInterfaceOrientations_iPhone = "UIInterfaceOrientationPortrait UIInterfaceOrientationLandscapeLeft UIInterfaceOrientationLandscapeRight";
				LD_RUNPATH_SEARCH_PATHS = (
					"$(inherited)",
					"@executable_path/Frameworks",
				);
				MARKETING_VERSION = 1.0;
				PRODUCT_BUNDLE_IDENTIFIER = DGI.controlaction;
				PRODUCT_NAME = "$(TARGET_NAME)";
				SWIFT_EMIT_LOC_STRINGS = YES;
				SWIFT_VERSION = 5.0;
				TARGETED_DEVICE_FAMILY = "1,2";
			};
			name = Release;
		};
		0679E5C92A78BF61006286EC /* Debug */ = {
			isa = XCBuildConfiguration;
			buildSettings = {
				ALWAYS_EMBED_SWIFT_STANDARD_LIBRARIES = YES;
				BUNDLE_LOADER = "$(TEST_HOST)";
				CODE_SIGN_STYLE = Automatic;
				CURRENT_PROJECT_VERSION = 1;
				GENERATE_INFOPLIST_FILE = YES;
				IPHONEOS_DEPLOYMENT_TARGET = 16.1;
				MARKETING_VERSION = 1.0;
				PRODUCT_BUNDLE_IDENTIFIER = DGI.controlactionTests;
				PRODUCT_NAME = "$(TARGET_NAME)";
				SWIFT_EMIT_LOC_STRINGS = NO;
				SWIFT_VERSION = 5.0;
				TARGETED_DEVICE_FAMILY = "1,2";
				TEST_HOST = "$(BUILT_PRODUCTS_DIR)/controlaction.app/$(BUNDLE_EXECUTABLE_FOLDER_PATH)/controlaction";
			};
			name = Debug;
		};
		0679E5CA2A78BF61006286EC /* Release */ = {
			isa = XCBuildConfiguration;
			buildSettings = {
				ALWAYS_EMBED_SWIFT_STANDARD_LIBRARIES = YES;
				BUNDLE_LOADER = "$(TEST_HOST)";
				CODE_SIGN_STYLE = Automatic;
				CURRENT_PROJECT_VERSION = 1;
				GENERATE_INFOPLIST_FILE = YES;
				IPHONEOS_DEPLOYMENT_TARGET = 16.1;
				MARKETING_VERSION = 1.0;
				PRODUCT_BUNDLE_IDENTIFIER = DGI.controlactionTests;
				PRODUCT_NAME = "$(TARGET_NAME)";
				SWIFT_EMIT_LOC_STRINGS = NO;
				SWIFT_VERSION = 5.0;
				TARGETED_DEVICE_FAMILY = "1,2";
				TEST_HOST = "$(BUILT_PRODUCTS_DIR)/controlaction.app/$(BUNDLE_EXECUTABLE_FOLDER_PATH)/controlaction";
			};
			name = Release;
		};
		0679E5CC2A78BF61006286EC /* Debug */ = {
			isa = XCBuildConfiguration;
			buildSettings = {
				ALWAYS_EMBED_SWIFT_STANDARD_LIBRARIES = YES;
				CODE_SIGN_STYLE = Automatic;
				CURRENT_PROJECT_VERSION = 1;
				GENERATE_INFOPLIST_FILE = YES;
				MARKETING_VERSION = 1.0;
				PRODUCT_BUNDLE_IDENTIFIER = DGI.controlactionUITests;
				PRODUCT_NAME = "$(TARGET_NAME)";
				SWIFT_EMIT_LOC_STRINGS = NO;
				SWIFT_VERSION = 5.0;
				TARGETED_DEVICE_FAMILY = "1,2";
				TEST_TARGET_NAME = controlaction;
			};
			name = Debug;
		};
		0679E5CD2A78BF61006286EC /* Release */ = {
			isa = XCBuildConfiguration;
			buildSettings = {
				ALWAYS_EMBED_SWIFT_STANDARD_LIBRARIES = YES;
				CODE_SIGN_STYLE = Automatic;
				CURRENT_PROJECT_VERSION = 1;
				GENERATE_INFOPLIST_FILE = YES;
				MARKETING_VERSION = 1.0;
				PRODUCT_BUNDLE_IDENTIFIER = DGI.controlactionUITests;
				PRODUCT_NAME = "$(TARGET_NAME)";
				SWIFT_EMIT_LOC_STRINGS = NO;
				SWIFT_VERSION = 5.0;
				TARGETED_DEVICE_FAMILY = "1,2";
				TEST_TARGET_NAME = controlaction;
			};
			name = Release;
		};
/* End XCBuildConfiguration section */

/* Begin XCConfigurationList section */
		0679E5962A78BF60006286EC /* Build configuration list for PBXProject "controlaction" */ = {
			isa = XCConfigurationList;
			buildConfigurations = (
				0679E5C32A78BF61006286EC /* Debug */,
				0679E5C42A78BF61006286EC /* Release */,
			);
			defaultConfigurationIsVisible = 0;
			defaultConfigurationName = Release;
		};
		0679E5C52A78BF61006286EC /* Build configuration list for PBXNativeTarget "controlaction" */ = {
			isa = XCConfigurationList;
			buildConfigurations = (
				0679E5C62A78BF61006286EC /* Debug */,
				0679E5C72A78BF61006286EC /* Release */,
			);
			defaultConfigurationIsVisible = 0;
			defaultConfigurationName = Release;
		};
		0679E5C82A78BF61006286EC /* Build configuration list for PBXNativeTarget "controlactionTests" */ = {
			isa = XCConfigurationList;
			buildConfigurations = (
				0679E5C92A78BF61006286EC /* Debug */,
				0679E5CA2A78BF61006286EC /* Release */,
			);
			defaultConfigurationIsVisible = 0;
			defaultConfigurationName = Release;
		};
		0679E5CB2A78BF61006286EC /* Build configuration list for PBXNativeTarget "controlactionUITests" */ = {
			isa = XCConfigurationList;
			buildConfigurations = (
				0679E5CC2A78BF61006286EC /* Debug */,
				0679E5CD2A78BF61006286EC /* Release */,
			);
			defaultConfigurationIsVisible = 0;
			defaultConfigurationName = Release;
		};
/* End XCConfigurationList section */
	};
	rootObject = 0679E5932A78BF60006286EC /* Project object */;
}
